
Microsoft Visual Studio Solution File, Format Version 12.00
# Visual Studio Version 17
VisualStudioVersion = 17.5.002.0
MinimumVisualStudioVersion = 10.0.40219.1
Project("{2150E333-8FDC-42A3-9474-1A3956D46DE8}") = "Back", "Back", "{65C74997-D8D3-42A3-A836-082D5DD91F57}"
EndProject
Project("{2150E333-8FDC-42A3-9474-1A3956D46DE8}") = "src", "src", "{6C9E4594-3BB1-4929-9416-6FB563CBBDBA}"
EndProject
Project("{9A19103F-16F7-4668-BE54-9A1E7A4F7556}") = "ProEventos.API", "Back\src\ProEventos.API\ProEventos.API.csproj", "{0E5DB8A9-3CC8-4E68-8A95-3B3989738E2B}"
EndProject
Global
	GlobalSection(SolutionConfigurationPlatforms) = preSolution
		Debug|Any CPU = Debug|Any CPU
		Release|Any CPU = Release|Any CPU
	EndGlobalSection
	GlobalSection(ProjectConfigurationPlatforms) = postSolution
		{0E5DB8A9-3CC8-4E68-8A95-3B3989738E2B}.Debug|Any CPU.ActiveCfg = Debug|Any CPU
		{0E5DB8A9-3CC8-4E68-8A95-3B3989738E2B}.Debug|Any CPU.Build.0 = Debug|Any CPU
		{0E5DB8A9-3CC8-4E68-8A95-3B3989738E2B}.Release|Any CPU.ActiveCfg = Release|Any CPU
		{0E5DB8A9-3CC8-4E68-8A95-3B3989738E2B}.Release|Any CPU.Build.0 = Release|Any CPU
	EndGlobalSection
	GlobalSection(SolutionProperties) = preSolution
		HideSolutionNode = FALSE
	EndGlobalSection
	GlobalSection(NestedProjects) = preSolution
		{6C9E4594-3BB1-4929-9416-6FB563CBBDBA} = {65C74997-D8D3-42A3-A836-082D5DD91F57}
		{0E5DB8A9-3CC8-4E68-8A95-3B3989738E2B} = {6C9E4594-3BB1-4929-9416-6FB563CBBDBA}
	EndGlobalSection
	GlobalSection(ExtensibilityGlobals) = postSolution
		SolutionGuid = {02EABBA3-FDA5-44C9-8533-6A50943C12F3}
	EndGlobalSection
EndGlobal
